// !$*UTF8*$!
{
	archiveVersion = 1;
	classes = {
	};
	objectVersion = 46;
	objects = {

/* Begin PBXBuildFile section */
		F2628DF1192072FD006D7D11 /* Foundation.framework in Frameworks */ = {isa = PBXBuildFile; fileRef = F2628DF0192072FD006D7D11 /* Foundation.framework */; };
		F2628DF3192072FD006D7D11 /* CoreGraphics.framework in Frameworks */ = {isa = PBXBuildFile; fileRef = F2628DF2192072FD006D7D11 /* CoreGraphics.framework */; };
		F2628DF5192072FD006D7D11 /* UIKit.framework in Frameworks */ = {isa = PBXBuildFile; fileRef = F2628DF4192072FD006D7D11 /* UIKit.framework */; };
		F2628DFB192072FD006D7D11 /* InfoPlist.strings in Resources */ = {isa = PBXBuildFile; fileRef = F2628DF9192072FD006D7D11 /* InfoPlist.strings */; };
		F2628DFD192072FD006D7D11 /* main.m in Sources */ = {isa = PBXBuildFile; fileRef = F2628DFC192072FD006D7D11 /* main.m */; };
		F2628E01192072FE006D7D11 /* MTAppDelegate.m in Sources */ = {isa = PBXBuildFile; fileRef = F2628E00192072FE006D7D11 /* MTAppDelegate.m */; };
		F2628E04192072FE006D7D11 /* Main.storyboard in Resources */ = {isa = PBXBuildFile; fileRef = F2628E02192072FE006D7D11 /* Main.storyboard */; };
		F2628E07192072FE006D7D11 /* MTViewController.m in Sources */ = {isa = PBXBuildFile; fileRef = F2628E06192072FE006D7D11 /* MTViewController.m */; };
		F2628E09192072FE006D7D11 /* Images.xcassets in Resources */ = {isa = PBXBuildFile; fileRef = F2628E08192072FE006D7D11 /* Images.xcassets */; };
		F2628E10192072FE006D7D11 /* XCTest.framework in Frameworks */ = {isa = PBXBuildFile; fileRef = F2628E0F192072FE006D7D11 /* XCTest.framework */; };
		F2628E11192072FE006D7D11 /* Foundation.framework in Frameworks */ = {isa = PBXBuildFile; fileRef = F2628DF0192072FD006D7D11 /* Foundation.framework */; };
		F2628E12192072FE006D7D11 /* UIKit.framework in Frameworks */ = {isa = PBXBuildFile; fileRef = F2628DF4192072FD006D7D11 /* UIKit.framework */; };
		F2628E1A192072FE006D7D11 /* InfoPlist.strings in Resources */ = {isa = PBXBuildFile; fileRef = F2628E18192072FE006D7D11 /* InfoPlist.strings */; };
		F2628E1C192072FE006D7D11 /* Assignment_MVCTests.m in Sources */ = {isa = PBXBuildFile; fileRef = F2628E1B192072FE006D7D11 /* Assignment_MVCTests.m */; };
/* End PBXBuildFile section */

/* Begin PBXContainerItemProxy section */
		F2628E13192072FE006D7D11 /* PBXContainerItemProxy */ = {
			isa = PBXContainerItemProxy;
			containerPortal = F2628DE5192072FD006D7D11 /* Project object */;
			proxyType = 1;
			remoteGlobalIDString = F2628DEC192072FD006D7D11;
			remoteInfo = "Assignment MVC";
		};
/* End PBXContainerItemProxy section */

/* Begin PBXFileReference section */
		F2628DED192072FD006D7D11 /* Assignment MVC.app */ = {isa = PBXFileReference; explicitFileType = wrapper.application; includeInIndex = 0; path = "Assignment MVC.app"; sourceTree = BUILT_PRODUCTS_DIR; };
		F2628DF0192072FD006D7D11 /* Foundation.framework */ = {isa = PBXFileReference; lastKnownFileType = wrapper.framework; name = Foundation.framework; path = System/Library/Frameworks/Foundation.framework; sourceTree = SDKROOT; };
		F2628DF2192072FD006D7D11 /* CoreGraphics.framework */ = {isa = PBXFileReference; lastKnownFileType = wrapper.framework; name = CoreGraphics.framework; path = System/Library/Frameworks/CoreGraphics.framework; sourceTree = SDKROOT; };
		F2628DF4192072FD006D7D11 /* UIKit.framework */ = {isa = PBXFileReference; lastKnownFileType = wrapper.framework; name = UIKit.framework; path = System/Library/Frameworks/UIKit.framework; sourceTree = SDKROOT; };
		F2628DF8192072FD006D7D11 /* Assignment MVC-Info.plist */ = {isa = PBXFileReference; lastKnownFileType = text.plist.xml; path = "Assignment MVC-Info.plist"; sourceTree = "<group>"; };
		F2628DFA192072FD006D7D11 /* en */ = {isa = PBXFileReference; lastKnownFileType = text.plist.strings; name = en; path = en.lproj/InfoPlist.strings; sourceTree = "<group>"; };
		F2628DFC192072FD006D7D11 /* main.m */ = {isa = PBXFileReference; lastKnownFileType = sourcecode.c.objc; path = main.m; sourceTree = "<group>"; };
		F2628DFE192072FD006D7D11 /* Assignment MVC-Prefix.pch */ = {isa = PBXFileReference; lastKnownFileType = sourcecode.c.h; path = "Assignment MVC-Prefix.pch"; sourceTree = "<group>"; };
		F2628DFF192072FD006D7D11 /* MTAppDelegate.h */ = {isa = PBXFileReference; lastKnownFileType = sourcecode.c.h; path = MTAppDelegate.h; sourceTree = "<group>"; };
		F2628E00192072FE006D7D11 /* MTAppDelegate.m */ = {isa = PBXFileReference; lastKnownFileType = sourcecode.c.objc; path = MTAppDelegate.m; sourceTree = "<group>"; };
		F2628E03192072FE006D7D11 /* Base */ = {isa = PBXFileReference; lastKnownFileType = file.storyboard; name = Base; path = Base.lproj/Main.storyboard; sourceTree = "<group>"; };
		F2628E05192072FE006D7D11 /* MTViewController.h */ = {isa = PBXFileReference; lastKnownFileType = sourcecode.c.h; path = MTViewController.h; sourceTree = "<group>"; };
		F2628E06192072FE006D7D11 /* MTViewController.m */ = {isa = PBXFileReference; lastKnownFileType = sourcecode.c.objc; path = MTViewController.m; sourceTree = "<group>"; };
		F2628E08192072FE006D7D11 /* Images.xcassets */ = {isa = PBXFileReference; lastKnownFileType = folder.assetcatalog; path = Images.xcassets; sourceTree = "<group>"; };
		F2628E0E192072FE006D7D11 /* Assignment MVCTests.xctest */ = {isa = PBXFileReference; explicitFileType = wrapper.cfbundle; includeInIndex = 0; path = "Assignment MVCTests.xctest"; sourceTree = BUILT_PRODUCTS_DIR; };
		F2628E0F192072FE006D7D11 /* XCTest.framework */ = {isa = PBXFileReference; lastKnownFileType = wrapper.framework; name = XCTest.framework; path = Library/Frameworks/XCTest.framework; sourceTree = DEVELOPER_DIR; };
		F2628E17192072FE006D7D11 /* Assignment MVCTests-Info.plist */ = {isa = PBXFileReference; lastKnownFileType = text.plist.xml; path = "Assignment MVCTests-Info.plist"; sourceTree = "<group>"; };
		F2628E19192072FE006D7D11 /* en */ = {isa = PBXFileReference; lastKnownFileType = text.plist.strings; name = en; path = en.lproj/InfoPlist.strings; sourceTree = "<group>"; };
		F2628E1B192072FE006D7D11 /* Assignment_MVCTests.m */ = {isa = PBXFileReference; lastKnownFileType = sourcecode.c.objc; path = Assignment_MVCTests.m; sourceTree = "<group>"; };
/* End PBXFileReference section */

/* Begin PBXFrameworksBuildPhase section */
		F2628DEA192072FD006D7D11 /* Frameworks */ = {
			isa = PBXFrameworksBuildPhase;
			buildActionMask = 2147483647;
			files = (
				F2628DF3192072FD006D7D11 /* CoreGraphics.framework in Frameworks */,
				F2628DF5192072FD006D7D11 /* UIKit.framework in Frameworks */,
				F2628DF1192072FD006D7D11 /* Foundation.framework in Frameworks */,
			);
			runOnlyForDeploymentPostprocessing = 0;
		};
		F2628E0B192072FE006D7D11 /* Frameworks */ = {
			isa = PBXFrameworksBuildPhase;
			buildActionMask = 2147483647;
			files = (
				F2628E10192072FE006D7D11 /* XCTest.framework in Frameworks */,
				F2628E12192072FE006D7D11 /* UIKit.framework in Frameworks */,
				F2628E11192072FE006D7D11 /* Foundation.framework in Frameworks */,
			);
			runOnlyForDeploymentPostprocessing = 0;
		};
/* End PBXFrameworksBuildPhase section */

/* Begin PBXGroup section */
		F2628DE4192072FD006D7D11 = {
			isa = PBXGroup;
			children = (
				F2628DF6192072FD006D7D11 /* Assignment MVC */,
				F2628E15192072FE006D7D11 /* Assignment MVCTests */,
				F2628DEF192072FD006D7D11 /* Frameworks */,
				F2628DEE192072FD006D7D11 /* Products */,
			);
			sourceTree = "<group>";
		};
		F2628DEE192072FD006D7D11 /* Products */ = {
			isa = PBXGroup;
			children = (
				F2628DED192072FD006D7D11 /* Assignment MVC.app */,
				F2628E0E192072FE006D7D11 /* Assignment MVCTests.xctest */,
			);
			name = Products;
			sourceTree = "<group>";
		};
		F2628DEF192072FD006D7D11 /* Frameworks */ = {
			isa = PBXGroup;
			children = (
				F2628DF0192072FD006D7D11 /* Foundation.framework */,
				F2628DF2192072FD006D7D11 /* CoreGraphics.framework */,
				F2628DF4192072FD006D7D11 /* UIKit.framework */,
				F2628E0F192072FE006D7D11 /* XCTest.framework */,
			);
			name = Frameworks;
			sourceTree = "<group>";
		};
		F2628DF6192072FD006D7D11 /* Assignment MVC */ = {
			isa = PBXGroup;
			children = (
				F2628DFF192072FD006D7D11 /* MTAppDelegate.h */,
				F2628E00192072FE006D7D11 /* MTAppDelegate.m */,
				F2628E02192072FE006D7D11 /* Main.storyboard */,
				F2628E05192072FE006D7D11 /* MTViewController.h */,
				F2628E06192072FE006D7D11 /* MTViewController.m */,
				F2628E08192072FE006D7D11 /* Images.xcassets */,
				F2628DF7192072FD006D7D11 /* Supporting Files */,
			);
			path = "Assignment MVC";
			sourceTree = "<group>";
		};
		F2628DF7192072FD006D7D11 /* Supporting Files */ = {
			isa = PBXGroup;
			children = (
				F2628DF8192072FD006D7D11 /* Assignment MVC-Info.plist */,
				F2628DF9192072FD006D7D11 /* InfoPlist.strings */,
				F2628DFC192072FD006D7D11 /* main.m */,
				F2628DFE192072FD006D7D11 /* Assignment MVC-Prefix.pch */,
			);
			name = "Supporting Files";
			sourceTree = "<group>";
		};
		F2628E15192072FE006D7D11 /* Assignment MVCTests */ = {
			isa = PBXGroup;
			children = (
				F2628E1B192072FE006D7D11 /* Assignment_MVCTests.m */,
				F2628E16192072FE006D7D11 /* Supporting Files */,
			);
			path = "Assignment MVCTests";
			sourceTree = "<group>";
		};
		F2628E16192072FE006D7D11 /* Supporting Files */ = {
			isa = PBXGroup;
			children = (
				F2628E17192072FE006D7D11 /* Assignment MVCTests-Info.plist */,
				F2628E18192072FE006D7D11 /* InfoPlist.strings */,
			);
			name = "Supporting Files";
			sourceTree = "<group>";
		};
/* End PBXGroup section */

/* Begin PBXNativeTarget section */
		F2628DEC192072FD006D7D11 /* Assignment MVC */ = {
			isa = PBXNativeTarget;
			buildConfigurationList = F2628E1F192072FE006D7D11 /* Build configuration list for PBXNativeTarget "Assignment MVC" */;
			buildPhases = (
				F2628DE9192072FD006D7D11 /* Sources */,
				F2628DEA192072FD006D7D11 /* Frameworks */,
				F2628DEB192072FD006D7D11 /* Resources */,
			);
			buildRules = (
			);
			dependencies = (
			);
			name = "Assignment MVC";
			productName = "Assignment MVC";
			productReference = F2628DED192072FD006D7D11 /* Assignment MVC.app */;
			productType = "com.apple.product-type.application";
		};
		F2628E0D192072FE006D7D11 /* Assignment MVCTests */ = {
			isa = PBXNativeTarget;
			buildConfigurationList = F2628E22192072FE006D7D11 /* Build configuration list for PBXNativeTarget "Assignment MVCTests" */;
			buildPhases = (
				F2628E0A192072FE006D7D11 /* Sources */,
				F2628E0B192072FE006D7D11 /* Frameworks */,
				F2628E0C192072FE006D7D11 /* Resources */,
			);
			buildRules = (
			);
			dependencies = (
				F2628E14192072FE006D7D11 /* PBXTargetDependency */,
			);
			name = "Assignment MVCTests";
			productName = "Assignment MVCTests";
			productReference = F2628E0E192072FE006D7D11 /* Assignment MVCTests.xctest */;
			productType = "com.apple.product-type.bundle.unit-test";
		};
/* End PBXNativeTarget section */

/* Begin PBXProject section */
		F2628DE5192072FD006D7D11 /* Project object */ = {
			isa = PBXProject;
			attributes = {
				CLASSPREFIX = MT;
				LastUpgradeCheck = 0510;
				ORGANIZATIONNAME = "Michael Tirenin";
				TargetAttributes = {
					F2628E0D192072FE006D7D11 = {
						TestTargetID = F2628DEC192072FD006D7D11;
					};
				};
			};
			buildConfigurationList = F2628DE8192072FD006D7D11 /* Build configuration list for PBXProject "Assignment MVC" */;
			compatibilityVersion = "Xcode 3.2";
			developmentRegion = English;
			hasScannedForEncodings = 0;
			knownRegions = (
				en,
				Base,
			);
			mainGroup = F2628DE4192072FD006D7D11;
			productRefGroup = F2628DEE192072FD006D7D11 /* Products */;
			projectDirPath = "";
			projectRoot = "";
			targets = (
				F2628DEC192072FD006D7D11 /* Assignment MVC */,
				F2628E0D192072FE006D7D11 /* Assignment MVCTests */,
			);
		};
/* End PBXProject section */

/* Begin PBXResourcesBuildPhase section */
		F2628DEB192072FD006D7D11 /* Resources */ = {
			isa = PBXResourcesBuildPhase;
			buildActionMask = 2147483647;
			files = (
				F2628E09192072FE006D7D11 /* Images.xcassets in Resources */,
				F2628DFB192072FD006D7D11 /* InfoPlist.strings in Resources */,
				F2628E04192072FE006D7D11 /* Main.storyboard in Resources */,
			);
			runOnlyForDeploymentPostprocessing = 0;
		};
		F2628E0C192072FE006D7D11 /* Resources */ = {
			isa = PBXResourcesBuildPhase;
			buildActionMask = 2147483647;
			files = (
				F2628E1A192072FE006D7D11 /* InfoPlist.strings in Resources */,
			);
			runOnlyForDeploymentPostprocessing = 0;
		};
/* End PBXResourcesBuildPhase section */

/* Begin PBXSourcesBuildPhase section */
		F2628DE9192072FD006D7D11 /* Sources */ = {
			isa = PBXSourcesBuildPhase;
			buildActionMask = 2147483647;
			files = (
				F2628DFD192072FD006D7D11 /* main.m in Sources */,
				F2628E07192072FE006D7D11 /* MTViewController.m in Sources */,
				F2628E01192072FE006D7D11 /* MTAppDelegate.m in Sources */,
			);
			runOnlyForDeploymentPostprocessing = 0;
		};
		F2628E0A192072FE006D7D11 /* Sources */ = {
			isa = PBXSourcesBuildPhase;
			buildActionMask = 2147483647;
			files = (
				F2628E1C192072FE006D7D11 /* Assignment_MVCTests.m in Sources */,
			);
			runOnlyForDeploymentPostprocessing = 0;
		};
/* End PBXSourcesBuildPhase section */

/* Begin PBXTargetDependency section */
		F2628E14192072FE006D7D11 /* PBXTargetDependency */ = {
			isa = PBXTargetDependency;
			target = F2628DEC192072FD006D7D11 /* Assignment MVC */;
			targetProxy = F2628E13192072FE006D7D11 /* PBXContainerItemProxy */;
		};
/* End PBXTargetDependency section */

/* Begin PBXVariantGroup section */
		F2628DF9192072FD006D7D11 /* InfoPlist.strings */ = {
			isa = PBXVariantGroup;
			children = (
				F2628DFA192072FD006D7D11 /* en */,
			);
			name = InfoPlist.strings;
			sourceTree = "<group>";
		};
		F2628E02192072FE006D7D11 /* Main.storyboard */ = {
			isa = PBXVariantGroup;
			children = (
				F2628E03192072FE006D7D11 /* Base */,
			);
			name = Main.storyboard;
			sourceTree = "<group>";
		};
		F2628E18192072FE006D7D11 /* InfoPlist.strings */ = {
			isa = PBXVariantGroup;
			children = (
				F2628E19192072FE006D7D11 /* en */,
			);
			name = InfoPlist.strings;
			sourceTree = "<group>";
		};
/* End PBXVariantGroup section */

/* Begin XCBuildConfiguration section */
		F2628E1D192072FE006D7D11 /* Debug */ = {
			isa = XCBuildConfiguration;
			buildSettings = {
				ALWAYS_SEARCH_USER_PATHS = NO;
				CLANG_CXX_LANGUAGE_STANDARD = "gnu++0x";
				CLANG_CXX_LIBRARY = "libc++";
				CLANG_ENABLE_MODULES = YES;
				CLANG_ENABLE_OBJC_ARC = YES;
				CLANG_WARN_BOOL_CONVERSION = YES;
				CLANG_WARN_CONSTANT_CONVERSION = YES;
				CLANG_WARN_DIRECT_OBJC_ISA_USAGE = YES_ERROR;
				CLANG_WARN_EMPTY_BODY = YES;
				CLANG_WARN_ENUM_CONVERSION = YES;
				CLANG_WARN_INT_CONVERSION = YES;
				CLANG_WARN_OBJC_ROOT_CLASS = YES_ERROR;
				CLANG_WARN__DUPLICATE_METHOD_MATCH = YES;
				"CODE_SIGN_IDENTITY[sdk=iphoneos*]" = "iPhone Developer";
				COPY_PHASE_STRIP = NO;
				GCC_C_LANGUAGE_STANDARD = gnu99;
				GCC_DYNAMIC_NO_PIC = NO;
				GCC_OPTIMIZATION_LEVEL = 0;
				GCC_PREPROCESSOR_DEFINITIONS = (
					"DEBUG=1",
					"$(inherited)",
				);
				GCC_SYMBOLS_PRIVATE_EXTERN = NO;
				GCC_WARN_64_TO_32_BIT_CONVERSION = YES;
				GCC_WARN_ABOUT_RETURN_TYPE = YES_ERROR;
				GCC_WARN_UNDECLARED_SELECTOR = YES;
				GCC_WARN_UNINITIALIZED_AUTOS = YES_AGGRESSIVE;
				GCC_WARN_UNUSED_FUNCTION = YES;
				GCC_WARN_UNUSED_VARIABLE = YES;
				IPHONEOS_DEPLOYMENT_TARGET = 7.1;
				ONLY_ACTIVE_ARCH = YES;
				SDKROOT = iphoneos;
			};
			name = Debug;
		};
		F2628E1E192072FE006D7D11 /* Release */ = {
			isa = XCBuildConfiguration;
			buildSettings = {
				ALWAYS_SEARCH_USER_PATHS = NO;
				CLANG_CXX_LANGUAGE_STANDARD = "gnu++0x";
				CLANG_CXX_LIBRARY = "libc++";
				CLANG_ENABLE_MODULES = YES;
				CLANG_ENABLE_OBJC_ARC = YES;
				CLANG_WARN_BOOL_CONVERSION = YES;
				CLANG_WARN_CONSTANT_CONVERSION = YES;
				CLANG_WARN_DIRECT_OBJC_ISA_USAGE = YES_ERROR;
				CLANG_WARN_EMPTY_BODY = YES;
				CLANG_WARN_ENUM_CONVERSION = YES;
				CLANG_WARN_INT_CONVERSION = YES;
				CLANG_WARN_OBJC_ROOT_CLASS = YES_ERROR;
				CLANG_WARN__DUPLICATE_METHOD_MATCH = YES;
				"CODE_SIGN_IDENTITY[sdk=iphoneos*]" = "iPhone Developer";
				COPY_PHASE_STRIP = YES;
				ENABLE_NS_ASSERTIONS = NO;
				GCC_C_LANGUAGE_STANDARD = gnu99;
				GCC_WARN_64_TO_32_BIT_CONVERSION = YES;
				GCC_WARN_ABOUT_RETURN_TYPE = YES_ERROR;
				GCC_WARN_UNDECLARED_SELECTOR = YES;
				GCC_WARN_UNINITIALIZED_AUTOS = YES_AGGRESSIVE;
				GCC_WARN_UNUSED_FUNCTION = YES;
				GCC_WARN_UNUSED_VARIABLE = YES;
				IPHONEOS_DEPLOYMENT_TARGET = 7.1;
				SDKROOT = iphoneos;
				VALIDATE_PRODUCT = YES;
			};
			name = Release;
		};
		F2628E20192072FE006D7D11 /* Debug */ = {
			isa = XCBuildConfiguration;
			buildSettings = {
				ASSETCATALOG_COMPILER_APPICON_NAME = AppIcon;
				ASSETCATALOG_COMPILER_LAUNCHIMAGE_NAME = LaunchImage;
				GCC_PRECOMPILE_PREFIX_HEADER = YES;
				GCC_PREFIX_HEADER = "Assignment MVC/Assignment MVC-Prefix.pch";
				INFOPLIST_FILE = "Assignment MVC/Assignment MVC-Info.plist";
				PRODUCT_NAME = "$(TARGET_NAME)";
				WRAPPER_EXTENSION = app;
			};
			name = Debug;
		};
		F2628E21192072FE006D7D11 /* Release */ = {
			isa = XCBuildConfiguration;
			buildSettings = {
				ASSETCATALOG_COMPILER_APPICON_NAME = AppIcon;
				ASSETCATALOG_COMPILER_LAUNCHIMAGE_NAME = LaunchImage;
				GCC_PRECOMPILE_PREFIX_HEADER = YES;
				GCC_PREFIX_HEADER = "Assignment MVC/Assignment MVC-Prefix.pch";
				INFOPLIST_FILE = "Assignment MVC/Assignment MVC-Info.plist";
				PRODUCT_NAME = "$(TARGET_NAME)";
				WRAPPER_EXTENSION = app;
			};
			name = Release;
		};
		F2628E23192072FE006D7D11 /* Debug */ = {
			isa = XCBuildConfiguration;
			buildSettings = {
				BUNDLE_LOADER = "$(BUILT_PRODUCTS_DIR)/Assignment MVC.app/Assignment MVC";
				FRAMEWORK_SEARCH_PATHS = (
					"$(SDKROOT)/Developer/Library/Frameworks",
					"$(inherited)",
					"$(DEVELOPER_FRAMEWORKS_DIR)",
				);
				GCC_PRECOMPILE_PREFIX_HEADER = YES;
				GCC_PREFIX_HEADER = "Assignment MVC/Assignment MVC-Prefix.pch";
				GCC_PREPROCESSOR_DEFINITIONS = (
					"DEBUG=1",
					"$(inherited)",
				);
				INFOPLIST_FILE = "Assignment MVCTests/Assignment MVCTests-Info.plist";
				PRODUCT_NAME = "$(TARGET_NAME)";
				TEST_HOST = "$(BUNDLE_LOADER)";
				WRAPPER_EXTENSION = xctest;
			};
			name = Debug;
		};
		F2628E24192072FE006D7D11 /* Release */ = {
			isa = XCBuildConfiguration;
			buildSettings = {
				BUNDLE_LOADER = "$(BUILT_PRODUCTS_DIR)/Assignment MVC.app/Assignment MVC";
				FRAMEWORK_SEARCH_PATHS = (
					"$(SDKROOT)/Developer/Library/Frameworks",
					"$(inherited)",
					"$(DEVELOPER_FRAMEWORKS_DIR)",
				);
				GCC_PRECOMPILE_PREFIX_HEADER = YES;
				GCC_PREFIX_HEADER = "Assignment MVC/Assignment MVC-Prefix.pch";
				INFOPLIST_FILE = "Assignment MVCTests/Assignment MVCTests-Info.plist";
				PRODUCT_NAME = "$(TARGET_NAME)";
				TEST_HOST = "$(BUNDLE_LOADER)";
				WRAPPER_EXTENSION = xctest;
			};
			name = Release;
		};
/* End XCBuildConfiguration section */

/* Begin XCConfigurationList section */
		F2628DE8192072FD006D7D11 /* Build configuration list for PBXProject "Assignment MVC" */ = {
			isa = XCConfigurationList;
			buildConfigurations = (
				F2628E1D192072FE006D7D11 /* Debug */,
				F2628E1E192072FE006D7D11 /* Release */,
			);
			defaultConfigurationIsVisible = 0;
			defaultConfigurationName = Release;
		};
		F2628E1F192072FE006D7D11 /* Build configuration list for PBXNativeTarget "Assignment MVC" */ = {
			isa = XCConfigurationList;
			buildConfigurations = (
				F2628E20192072FE006D7D11 /* Debug */,
				F2628E21192072FE006D7D11 /* Release */,
			);
			defaultConfigurationIsVisible = 0;
		};
		F2628E22192072FE006D7D11 /* Build configuration list for PBXNativeTarget "Assignment MVCTests" */ = {
			isa = XCConfigurationList;
			buildConfigurations = (
				F2628E23192072FE006D7D11 /* Debug */,
				F2628E24192072FE006D7D11 /* Release */,
			);
			defaultConfigurationIsVisible = 0;
		};
/* End XCConfigurationList section */
	};
	rootObject = F2628DE5192072FD006D7D11 /* Project object */;
}
